
Microsoft Visual Studio Solution File, Format Version 12.00
# Visual Studio 15
VisualStudioVersion = 15.0.27004.2010
MinimumVisualStudioVersion = 10.0.40219.1
Project("{FAE04EC0-301F-11D3-BF4B-00C04F79EFBC}") = "WpfApp1", "WpfApp1\WpfApp1.csproj", "{5A91A2C1-527C-4D8D-A865-8C07E7424B51}"
EndProject
Global
	GlobalSection(SolutionConfigurationPlatforms) = preSolution
		Debug|Any CPU = Debug|Any CPU
		Release|Any CPU = Release|Any CPU
	EndGlobalSection
	GlobalSection(ProjectConfigurationPlatforms) = postSolution
		{5A91A2C1-527C-4D8D-A865-8C07E7424B51}.Debug|Any CPU.ActiveCfg = Debug|Any CPU
		{5A91A2C1-527C-4D8D-A865-8C07E7424B51}.Debug|Any CPU.Build.0 = Debug|Any CPU
		{5A91A2C1-527C-4D8D-A865-8C07E7424B51}.Release|Any CPU.ActiveCfg = Release|Any CPU
		{5A91A2C1-527C-4D8D-A865-8C07E7424B51}.Release|Any CPU.Build.0 = Release|Any CPU
	EndGlobalSection
	GlobalSection(SolutionProperties) = preSolution
		HideSolutionNode = FALSE
	EndGlobalSection
	GlobalSection(ExtensibilityGlobals) = postSolution
		SolutionGuid = {9614FA04-72FF-4FE2-98DE-694320B9D30D}
	EndGlobalSection
EndGlobal
